// !$*UTF8*$!
{
	archiveVersion = 1;
	classes = {
	};
	objectVersion = 56;
	objects = {

/* Begin PBXBuildFile section */
		8A0C62F62C9C418D00AE8C65 /* PinCheckManager.swift in Sources */ = {isa = PBXBuildFile; fileRef = 8A0C62F52C9C418D00AE8C65 /* PinCheckManager.swift */; };
		8A0C62F92C9C553800AE8C65 /* PinCreationManager.swift in Sources */ = {isa = PBXBuildFile; fileRef = 8A0C62F82C9C552C00AE8C65 /* PinCreationManager.swift */; };
		8A0C63012C9C7E8800AE8C65 /* SnapKit in Frameworks */ = {isa = PBXBuildFile; productRef = 8A0C63002C9C7E8800AE8C65 /* SnapKit */; };
		8A0C63032C9C99B500AE8C65 /* PinViewController.swift in Sources */ = {isa = PBXBuildFile; fileRef = 8A0C63022C9C99B000AE8C65 /* PinViewController.swift */; };
		8A0C630D2C9EDB5A00AE8C65 /* RouteComposer in Frameworks */ = {isa = PBXBuildFile; productRef = 8A0C630C2C9EDB5A00AE8C65 /* RouteComposer */; };
		8A0C63112C9EE37A00AE8C65 /* PinFactory.swift in Sources */ = {isa = PBXBuildFile; fileRef = 8A0C63102C9EE37200AE8C65 /* PinFactory.swift */; };
		8A0C63152C9FF19100AE8C65 /* ApplicationConfiguration.swift in Sources */ = {isa = PBXBuildFile; fileRef = 8A0C63142C9FF18900AE8C65 /* ApplicationConfiguration.swift */; };
		8A0C63172CA0187800AE8C65 /* DefaultVC.swift in Sources */ = {isa = PBXBuildFile; fileRef = 8A0C63162CA0187200AE8C65 /* DefaultVC.swift */; };
		8A0C63192CA0199200AE8C65 /* DefaultFactory.swift in Sources */ = {isa = PBXBuildFile; fileRef = 8A0C63182CA0198800AE8C65 /* DefaultFactory.swift */; };
		8A0C631C2CA084E800AE8C65 /* Closures.swift in Sources */ = {isa = PBXBuildFile; fileRef = 8A0C631B2CA084E500AE8C65 /* Closures.swift */; };
		8A0C631E2CA0A0C500AE8C65 /* ContextHolder.swift in Sources */ = {isa = PBXBuildFile; fileRef = 8A0C631D2CA0A0BC00AE8C65 /* ContextHolder.swift */; };
		8A0C63202CA0ADB500AE8C65 /* ScreenDefinition.swift in Sources */ = {isa = PBXBuildFile; fileRef = 8A0C631F2CA0ADAF00AE8C65 /* ScreenDefinition.swift */; };
		8A0C63232CA17E0400AE8C65 /* PinEntryView.swift in Sources */ = {isa = PBXBuildFile; fileRef = 8A0C63222CA17DFE00AE8C65 /* PinEntryView.swift */; };
		8A0C63252CA18E2400AE8C65 /* PinEntryViewModel.swift in Sources */ = {isa = PBXBuildFile; fileRef = 8A0C63242CA18E1F00AE8C65 /* PinEntryViewModel.swift */; };
		8A0C63272CA18EAD00AE8C65 /* PinEntryViewController.swift in Sources */ = {isa = PBXBuildFile; fileRef = 8A0C63262CA18EA800AE8C65 /* PinEntryViewController.swift */; };
		8A0C63292CA18EDD00AE8C65 /* PinEntryFactory.swift in Sources */ = {isa = PBXBuildFile; fileRef = 8A0C63282CA18ED800AE8C65 /* PinEntryFactory.swift */; };
		8A0C632B2CA18F1900AE8C65 /* PinEntryModel.swift in Sources */ = {isa = PBXBuildFile; fileRef = 8A0C632A2CA18F1500AE8C65 /* PinEntryModel.swift */; };
		8A0C63342CA95E5600AE8C65 /* PinEntryIndicatorView.swift in Sources */ = {isa = PBXBuildFile; fileRef = 8A0C63332CA95E4B00AE8C65 /* PinEntryIndicatorView.swift */; };
		8A0C63372CA9F97300AE8C65 /* PinEntryKeypadView.swift in Sources */ = {isa = PBXBuildFile; fileRef = 8A0C63362CA9F96B00AE8C65 /* PinEntryKeypadView.swift */; };
		8A7277C82C9728BD00C03C73 /* AppDelegate.swift in Sources */ = {isa = PBXBuildFile; fileRef = 8A7277C72C9728BD00C03C73 /* AppDelegate.swift */; };
		8A7277CA2C9728BD00C03C73 /* SceneDelegate.swift in Sources */ = {isa = PBXBuildFile; fileRef = 8A7277C92C9728BD00C03C73 /* SceneDelegate.swift */; };
		8A7277D22C9728BD00C03C73 /* TravelTracker.xcdatamodeld in Sources */ = {isa = PBXBuildFile; fileRef = 8A7277D02C9728BD00C03C73 /* TravelTracker.xcdatamodeld */; };
		8A7277D42C9728BF00C03C73 /* Assets.xcassets in Resources */ = {isa = PBXBuildFile; fileRef = 8A7277D32C9728BF00C03C73 /* Assets.xcassets */; };
		8A7277D72C9728BF00C03C73 /* Base in Resources */ = {isa = PBXBuildFile; fileRef = 8A7277D62C9728BF00C03C73 /* Base */; };
		8A7277E72C97302000C03C73 /* PinPresenter.swift in Sources */ = {isa = PBXBuildFile; fileRef = 8A7277E62C97302000C03C73 /* PinPresenter.swift */; };
		8A7277F82C99B13300C03C73 /* KeychainManager.swift in Sources */ = {isa = PBXBuildFile; fileRef = 8A7277F72C99B13300C03C73 /* KeychainManager.swift */; };
		8A7277FA2C9B387F00C03C73 /* PinCodeManagerProtocol.swift in Sources */ = {isa = PBXBuildFile; fileRef = 8A7277F92C9B387F00C03C73 /* PinCodeManagerProtocol.swift */; };
		8ADF50D92CAC785800BB6CEA /* PinManagerProtocol.swift in Sources */ = {isa = PBXBuildFile; fileRef = 8ADF50D82CAC784E00BB6CEA /* PinManagerProtocol.swift */; };
		8ADF50DD2CAF297B00BB6CEA /* test.swift in Sources */ = {isa = PBXBuildFile; fileRef = 8ADF50DC2CAF297800BB6CEA /* test.swift */; };
/* End PBXBuildFile section */

/* Begin PBXFileReference section */
		8A0C62F52C9C418D00AE8C65 /* PinCheckManager.swift */ = {isa = PBXFileReference; lastKnownFileType = sourcecode.swift; path = PinCheckManager.swift; sourceTree = "<group>"; };
		8A0C62F82C9C552C00AE8C65 /* PinCreationManager.swift */ = {isa = PBXFileReference; lastKnownFileType = sourcecode.swift; path = PinCreationManager.swift; sourceTree = "<group>"; };
		8A0C63022C9C99B000AE8C65 /* PinViewController.swift */ = {isa = PBXFileReference; lastKnownFileType = sourcecode.swift; path = PinViewController.swift; sourceTree = "<group>"; };
		8A0C63102C9EE37200AE8C65 /* PinFactory.swift */ = {isa = PBXFileReference; lastKnownFileType = sourcecode.swift; path = PinFactory.swift; sourceTree = "<group>"; };
		8A0C63142C9FF18900AE8C65 /* ApplicationConfiguration.swift */ = {isa = PBXFileReference; lastKnownFileType = sourcecode.swift; path = ApplicationConfiguration.swift; sourceTree = "<group>"; };
		8A0C63162CA0187200AE8C65 /* DefaultVC.swift */ = {isa = PBXFileReference; lastKnownFileType = sourcecode.swift; path = DefaultVC.swift; sourceTree = "<group>"; };
		8A0C63182CA0198800AE8C65 /* DefaultFactory.swift */ = {isa = PBXFileReference; lastKnownFileType = sourcecode.swift; path = DefaultFactory.swift; sourceTree = "<group>"; };
		8A0C631B2CA084E500AE8C65 /* Closures.swift */ = {isa = PBXFileReference; lastKnownFileType = sourcecode.swift; path = Closures.swift; sourceTree = "<group>"; };
		8A0C631D2CA0A0BC00AE8C65 /* ContextHolder.swift */ = {isa = PBXFileReference; lastKnownFileType = sourcecode.swift; path = ContextHolder.swift; sourceTree = "<group>"; };
		8A0C631F2CA0ADAF00AE8C65 /* ScreenDefinition.swift */ = {isa = PBXFileReference; lastKnownFileType = sourcecode.swift; path = ScreenDefinition.swift; sourceTree = "<group>"; };
		8A0C63222CA17DFE00AE8C65 /* PinEntryView.swift */ = {isa = PBXFileReference; lastKnownFileType = sourcecode.swift; path = PinEntryView.swift; sourceTree = "<group>"; };
		8A0C63242CA18E1F00AE8C65 /* PinEntryViewModel.swift */ = {isa = PBXFileReference; lastKnownFileType = sourcecode.swift; path = PinEntryViewModel.swift; sourceTree = "<group>"; };
		8A0C63262CA18EA800AE8C65 /* PinEntryViewController.swift */ = {isa = PBXFileReference; lastKnownFileType = sourcecode.swift; path = PinEntryViewController.swift; sourceTree = "<group>"; };
		8A0C63282CA18ED800AE8C65 /* PinEntryFactory.swift */ = {isa = PBXFileReference; lastKnownFileType = sourcecode.swift; path = PinEntryFactory.swift; sourceTree = "<group>"; };
		8A0C632A2CA18F1500AE8C65 /* PinEntryModel.swift */ = {isa = PBXFileReference; lastKnownFileType = sourcecode.swift; path = PinEntryModel.swift; sourceTree = "<group>"; };
		8A0C63332CA95E4B00AE8C65 /* PinEntryIndicatorView.swift */ = {isa = PBXFileReference; lastKnownFileType = sourcecode.swift; path = PinEntryIndicatorView.swift; sourceTree = "<group>"; };
		8A0C63362CA9F96B00AE8C65 /* PinEntryKeypadView.swift */ = {isa = PBXFileReference; lastKnownFileType = sourcecode.swift; path = PinEntryKeypadView.swift; sourceTree = "<group>"; };
		8A7277C42C9728BD00C03C73 /* TravelTracker.app */ = {isa = PBXFileReference; explicitFileType = wrapper.application; includeInIndex = 0; path = TravelTracker.app; sourceTree = BUILT_PRODUCTS_DIR; };
		8A7277C72C9728BD00C03C73 /* AppDelegate.swift */ = {isa = PBXFileReference; lastKnownFileType = sourcecode.swift; path = AppDelegate.swift; sourceTree = "<group>"; };
		8A7277C92C9728BD00C03C73 /* SceneDelegate.swift */ = {isa = PBXFileReference; lastKnownFileType = sourcecode.swift; path = SceneDelegate.swift; sourceTree = "<group>"; };
		8A7277D12C9728BD00C03C73 /* TravelTracker.xcdatamodel */ = {isa = PBXFileReference; lastKnownFileType = wrapper.xcdatamodel; path = TravelTracker.xcdatamodel; sourceTree = "<group>"; };
		8A7277D32C9728BF00C03C73 /* Assets.xcassets */ = {isa = PBXFileReference; lastKnownFileType = folder.assetcatalog; path = Assets.xcassets; sourceTree = "<group>"; };
		8A7277D62C9728BF00C03C73 /* Base */ = {isa = PBXFileReference; lastKnownFileType = file.storyboard; name = Base; path = Base.lproj/LaunchScreen.storyboard; sourceTree = "<group>"; };
		8A7277D82C9728BF00C03C73 /* Info.plist */ = {isa = PBXFileReference; lastKnownFileType = text.plist.xml; path = Info.plist; sourceTree = "<group>"; };
		8A7277E62C97302000C03C73 /* PinPresenter.swift */ = {isa = PBXFileReference; lastKnownFileType = sourcecode.swift; path = PinPresenter.swift; sourceTree = "<group>"; };
		8A7277F72C99B13300C03C73 /* KeychainManager.swift */ = {isa = PBXFileReference; lastKnownFileType = sourcecode.swift; path = KeychainManager.swift; sourceTree = "<group>"; };
		8A7277F92C9B387F00C03C73 /* PinCodeManagerProtocol.swift */ = {isa = PBXFileReference; lastKnownFileType = sourcecode.swift; path = PinCodeManagerProtocol.swift; sourceTree = "<group>"; };
		8ADF50D82CAC784E00BB6CEA /* PinManagerProtocol.swift */ = {isa = PBXFileReference; lastKnownFileType = sourcecode.swift; path = PinManagerProtocol.swift; sourceTree = "<group>"; };
		8ADF50DC2CAF297800BB6CEA /* test.swift */ = {isa = PBXFileReference; lastKnownFileType = sourcecode.swift; path = test.swift; sourceTree = "<group>"; };
/* End PBXFileReference section */

/* Begin PBXFrameworksBuildPhase section */
		8A7277C12C9728BD00C03C73 /* Frameworks */ = {
			isa = PBXFrameworksBuildPhase;
			buildActionMask = 2147483647;
			files = (
				8A0C630D2C9EDB5A00AE8C65 /* RouteComposer in Frameworks */,
				8A0C63012C9C7E8800AE8C65 /* SnapKit in Frameworks */,
			);
			runOnlyForDeploymentPostprocessing = 0;
		};
/* End PBXFrameworksBuildPhase section */

/* Begin PBXGroup section */
		8A0C62F72C9C421C00AE8C65 /* Managers */ = {
			isa = PBXGroup;
			children = (
				8A0C62F52C9C418D00AE8C65 /* PinCheckManager.swift */,
				8A0C62F82C9C552C00AE8C65 /* PinCreationManager.swift */,
			);
			path = Managers;
			sourceTree = "<group>";
		};
		8A0C63042C9EB8C200AE8C65 /* Application */ = {
			isa = PBXGroup;
			children = (
				8A0C631F2CA0ADAF00AE8C65 /* ScreenDefinition.swift */,
				8A0C63182CA0198800AE8C65 /* DefaultFactory.swift */,
				8A0C63162CA0187200AE8C65 /* DefaultVC.swift */,
				8A0C63142C9FF18900AE8C65 /* ApplicationConfiguration.swift */,
			);
			path = Application;
			sourceTree = "<group>";
		};
		8A0C631A2CA084B500AE8C65 /* Core */ = {
			isa = PBXGroup;
			children = (
				8A0C631B2CA084E500AE8C65 /* Closures.swift */,
			);
			path = Core;
			sourceTree = "<group>";
		};
		8A0C63212CA15D0400AE8C65 /* PinEntry */ = {
			isa = PBXGroup;
			children = (
				8ADF50DC2CAF297800BB6CEA /* test.swift */,
				8A0C63352CA9F93C00AE8C65 /* Views */,
				8A0C63282CA18ED800AE8C65 /* PinEntryFactory.swift */,
				8A0C632A2CA18F1500AE8C65 /* PinEntryModel.swift */,
				8A0C63262CA18EA800AE8C65 /* PinEntryViewController.swift */,
				8A0C63242CA18E1F00AE8C65 /* PinEntryViewModel.swift */,
			);
			path = PinEntry;
			sourceTree = "<group>";
		};
		8A0C63352CA9F93C00AE8C65 /* Views */ = {
			isa = PBXGroup;
			children = (
				8A0C63222CA17DFE00AE8C65 /* PinEntryView.swift */,
				8A0C63332CA95E4B00AE8C65 /* PinEntryIndicatorView.swift */,
				8A0C63362CA9F96B00AE8C65 /* PinEntryKeypadView.swift */,
			);
			path = Views;
			sourceTree = "<group>";
		};
		8A7277BB2C9728BD00C03C73 = {
			isa = PBXGroup;
			children = (
				8A7277C62C9728BD00C03C73 /* TravelTracker */,
				8A7277C52C9728BD00C03C73 /* Products */,
			);
			sourceTree = "<group>";
		};
		8A7277C52C9728BD00C03C73 /* Products */ = {
			isa = PBXGroup;
			children = (
				8A7277C42C9728BD00C03C73 /* TravelTracker.app */,
			);
			name = Products;
			sourceTree = "<group>";
		};
		8A7277C62C9728BD00C03C73 /* TravelTracker */ = {
			isa = PBXGroup;
			children = (
				8A0C631A2CA084B500AE8C65 /* Core */,
				8A7277F52C99B11100C03C73 /* Services */,
				8A7277F22C997FD200C03C73 /* Protocols */,
				8A7277E02C972AB500C03C73 /* Common */,
				8A7277DE2C9728DE00C03C73 /* Modules */,
				8A7277D32C9728BF00C03C73 /* Assets.xcassets */,
				8A7277D52C9728BF00C03C73 /* LaunchScreen.storyboard */,
				8A7277D82C9728BF00C03C73 /* Info.plist */,
				8A7277D02C9728BD00C03C73 /* TravelTracker.xcdatamodeld */,
			);
			path = TravelTracker;
			sourceTree = "<group>";
		};
		8A7277DE2C9728DE00C03C73 /* Modules */ = {
			isa = PBXGroup;
			children = (
				8A0C63212CA15D0400AE8C65 /* PinEntry */,
				8A0C63042C9EB8C200AE8C65 /* Application */,
				8A7277DF2C9728E400C03C73 /* PinModule */,
			);
			path = Modules;
			sourceTree = "<group>";
		};
		8A7277DF2C9728E400C03C73 /* PinModule */ = {
			isa = PBXGroup;
			children = (
				8A7277FB2C9B388300C03C73 /* Protocols */,
				8A0C62F72C9C421C00AE8C65 /* Managers */,
				8A0C63102C9EE37200AE8C65 /* PinFactory.swift */,
				8A0C63022C9C99B000AE8C65 /* PinViewController.swift */,
				8A7277E62C97302000C03C73 /* PinPresenter.swift */,
			);
			path = PinModule;
			sourceTree = "<group>";
		};
		8A7277E02C972AB500C03C73 /* Common */ = {
			isa = PBXGroup;
			children = (
				8A7277C72C9728BD00C03C73 /* AppDelegate.swift */,
				8A7277C92C9728BD00C03C73 /* SceneDelegate.swift */,
			);
			path = Common;
			sourceTree = "<group>";
		};
		8A7277F22C997FD200C03C73 /* Protocols */ = {
			isa = PBXGroup;
			children = (
				8A0C631D2CA0A0BC00AE8C65 /* ContextHolder.swift */,
			);
			path = Protocols;
			sourceTree = "<group>";
		};
		8A7277F52C99B11100C03C73 /* Services */ = {
			isa = PBXGroup;
			children = (
				8A7277F72C99B13300C03C73 /* KeychainManager.swift */,
			);
			path = Services;
			sourceTree = "<group>";
		};
		8A7277FB2C9B388300C03C73 /* Protocols */ = {
			isa = PBXGroup;
			children = (
				8ADF50D82CAC784E00BB6CEA /* PinManagerProtocol.swift */,
				8A7277F92C9B387F00C03C73 /* PinCodeManagerProtocol.swift */,
			);
			path = Protocols;
			sourceTree = "<group>";
		};
/* End PBXGroup section */

/* Begin PBXNativeTarget section */
		8A7277C32C9728BD00C03C73 /* TravelTracker */ = {
			isa = PBXNativeTarget;
			buildConfigurationList = 8A7277DB2C9728BF00C03C73 /* Build configuration list for PBXNativeTarget "TravelTracker" */;
			buildPhases = (
				8A7277C02C9728BD00C03C73 /* Sources */,
				8A7277C12C9728BD00C03C73 /* Frameworks */,
				8A7277C22C9728BD00C03C73 /* Resources */,
			);
			buildRules = (
			);
			dependencies = (
			);
			name = TravelTracker;
			packageProductDependencies = (
				8A0C63002C9C7E8800AE8C65 /* SnapKit */,
				8A0C630C2C9EDB5A00AE8C65 /* RouteComposer */,
			);
			productName = TravelTracker;
			productReference = 8A7277C42C9728BD00C03C73 /* TravelTracker.app */;
			productType = "com.apple.product-type.application";
		};
/* End PBXNativeTarget section */

/* Begin PBXProject section */
		8A7277BC2C9728BD00C03C73 /* Project object */ = {
			isa = PBXProject;
			attributes = {
				BuildIndependentTargetsInParallel = 1;
				LastSwiftUpdateCheck = 1540;
				LastUpgradeCheck = 1540;
				TargetAttributes = {
					8A7277C32C9728BD00C03C73 = {
						CreatedOnToolsVersion = 15.4;
					};
				};
			};
			buildConfigurationList = 8A7277BF2C9728BD00C03C73 /* Build configuration list for PBXProject "TravelTracker" */;
			compatibilityVersion = "Xcode 14.0";
			developmentRegion = en;
			hasScannedForEncodings = 0;
			knownRegions = (
				en,
				Base,
			);
			mainGroup = 8A7277BB2C9728BD00C03C73;
			packageReferences = (
				8A0C62FF2C9C7E8800AE8C65 /* XCRemoteSwiftPackageReference "SnapKit" */,
				8A0C630B2C9EDB5A00AE8C65 /* XCRemoteSwiftPackageReference "route-composer" */,
			);
			productRefGroup = 8A7277C52C9728BD00C03C73 /* Products */;
			projectDirPath = "";
			projectRoot = "";
			targets = (
				8A7277C32C9728BD00C03C73 /* TravelTracker */,
			);
		};
/* End PBXProject section */

/* Begin PBXResourcesBuildPhase section */
		8A7277C22C9728BD00C03C73 /* Resources */ = {
			isa = PBXResourcesBuildPhase;
			buildActionMask = 2147483647;
			files = (
				8A7277D42C9728BF00C03C73 /* Assets.xcassets in Resources */,
				8A7277D72C9728BF00C03C73 /* Base in Resources */,
			);
			runOnlyForDeploymentPostprocessing = 0;
		};
/* End PBXResourcesBuildPhase section */

/* Begin PBXSourcesBuildPhase section */
		8A7277C02C9728BD00C03C73 /* Sources */ = {
			isa = PBXSourcesBuildPhase;
			buildActionMask = 2147483647;
			files = (
				8A0C63192CA0199200AE8C65 /* DefaultFactory.swift in Sources */,
				8A0C63292CA18EDD00AE8C65 /* PinEntryFactory.swift in Sources */,
				8A0C63152C9FF19100AE8C65 /* ApplicationConfiguration.swift in Sources */,
				8A0C63232CA17E0400AE8C65 /* PinEntryView.swift in Sources */,
				8A0C63252CA18E2400AE8C65 /* PinEntryViewModel.swift in Sources */,
				8A0C62F92C9C553800AE8C65 /* PinCreationManager.swift in Sources */,
				8ADF50D92CAC785800BB6CEA /* PinManagerProtocol.swift in Sources */,
				8A0C63342CA95E5600AE8C65 /* PinEntryIndicatorView.swift in Sources */,
				8A0C63272CA18EAD00AE8C65 /* PinEntryViewController.swift in Sources */,
				8A7277D22C9728BD00C03C73 /* TravelTracker.xcdatamodeld in Sources */,
				8A0C63032C9C99B500AE8C65 /* PinViewController.swift in Sources */,
				8A7277FA2C9B387F00C03C73 /* PinCodeManagerProtocol.swift in Sources */,
				8A7277C82C9728BD00C03C73 /* AppDelegate.swift in Sources */,
				8A0C63112C9EE37A00AE8C65 /* PinFactory.swift in Sources */,
				8A0C631C2CA084E800AE8C65 /* Closures.swift in Sources */,
				8A0C62F62C9C418D00AE8C65 /* PinCheckManager.swift in Sources */,
				8A7277CA2C9728BD00C03C73 /* SceneDelegate.swift in Sources */,
				8A0C63172CA0187800AE8C65 /* DefaultVC.swift in Sources */,
				8ADF50DD2CAF297B00BB6CEA /* test.swift in Sources */,
				8A0C631E2CA0A0C500AE8C65 /* ContextHolder.swift in Sources */,
				8A0C63372CA9F97300AE8C65 /* PinEntryKeypadView.swift in Sources */,
				8A7277E72C97302000C03C73 /* PinPresenter.swift in Sources */,
				8A0C63202CA0ADB500AE8C65 /* ScreenDefinition.swift in Sources */,
				8A7277F82C99B13300C03C73 /* KeychainManager.swift in Sources */,
				8A0C632B2CA18F1900AE8C65 /* PinEntryModel.swift in Sources */,
			);
			runOnlyForDeploymentPostprocessing = 0;
		};
/* End PBXSourcesBuildPhase section */

/* Begin PBXVariantGroup section */
		8A7277D52C9728BF00C03C73 /* LaunchScreen.storyboard */ = {
			isa = PBXVariantGroup;
			children = (
				8A7277D62C9728BF00C03C73 /* Base */,
			);
			name = LaunchScreen.storyboard;
			sourceTree = "<group>";
		};
/* End PBXVariantGroup section */

/* Begin XCBuildConfiguration section */
		8A7277D92C9728BF00C03C73 /* Debug */ = {
			isa = XCBuildConfiguration;
			buildSettings = {
				ALWAYS_SEARCH_USER_PATHS = NO;
				ASSETCATALOG_COMPILER_GENERATE_SWIFT_ASSET_SYMBOL_EXTENSIONS = YES;
				CLANG_ANALYZER_NONNULL = YES;
				CLANG_ANALYZER_NUMBER_OBJECT_CONVERSION = YES_AGGRESSIVE;
				CLANG_CXX_LANGUAGE_STANDARD = "gnu++20";
				CLANG_ENABLE_MODULES = YES;
				CLANG_ENABLE_OBJC_ARC = YES;
				CLANG_ENABLE_OBJC_WEAK = YES;
				CLANG_WARN_BLOCK_CAPTURE_AUTORELEASING = YES;
				CLANG_WARN_BOOL_CONVERSION = YES;
				CLANG_WARN_COMMA = YES;
				CLANG_WARN_CONSTANT_CONVERSION = YES;
				CLANG_WARN_DEPRECATED_OBJC_IMPLEMENTATIONS = YES;
				CLANG_WARN_DIRECT_OBJC_ISA_USAGE = YES_ERROR;
				CLANG_WARN_DOCUMENTATION_COMMENTS = YES;
				CLANG_WARN_EMPTY_BODY = YES;
				CLANG_WARN_ENUM_CONVERSION = YES;
				CLANG_WARN_INFINITE_RECURSION = YES;
				CLANG_WARN_INT_CONVERSION = YES;
				CLANG_WARN_NON_LITERAL_NULL_CONVERSION = YES;
				CLANG_WARN_OBJC_IMPLICIT_RETAIN_SELF = YES;
				CLANG_WARN_OBJC_LITERAL_CONVERSION = YES;
				CLANG_WARN_OBJC_ROOT_CLASS = YES_ERROR;
				CLANG_WARN_QUOTED_INCLUDE_IN_FRAMEWORK_HEADER = YES;
				CLANG_WARN_RANGE_LOOP_ANALYSIS = YES;
				CLANG_WARN_STRICT_PROTOTYPES = YES;
				CLANG_WARN_SUSPICIOUS_MOVE = YES;
				CLANG_WARN_UNGUARDED_AVAILABILITY = YES_AGGRESSIVE;
				CLANG_WARN_UNREACHABLE_CODE = YES;
				CLANG_WARN__DUPLICATE_METHOD_MATCH = YES;
				COPY_PHASE_STRIP = NO;
				DEBUG_INFORMATION_FORMAT = dwarf;
				ENABLE_STRICT_OBJC_MSGSEND = YES;
				ENABLE_TESTABILITY = YES;
				ENABLE_USER_SCRIPT_SANDBOXING = YES;
				GCC_C_LANGUAGE_STANDARD = gnu17;
				GCC_DYNAMIC_NO_PIC = NO;
				GCC_NO_COMMON_BLOCKS = YES;
				GCC_OPTIMIZATION_LEVEL = 0;
				GCC_PREPROCESSOR_DEFINITIONS = (
					"DEBUG=1",
					"$(inherited)",
				);
				GCC_WARN_64_TO_32_BIT_CONVERSION = YES;
				GCC_WARN_ABOUT_RETURN_TYPE = YES_ERROR;
				GCC_WARN_UNDECLARED_SELECTOR = YES;
				GCC_WARN_UNINITIALIZED_AUTOS = YES_AGGRESSIVE;
				GCC_WARN_UNUSED_FUNCTION = YES;
				GCC_WARN_UNUSED_VARIABLE = YES;
				IPHONEOS_DEPLOYMENT_TARGET = 17.5;
				LOCALIZATION_PREFERS_STRING_CATALOGS = YES;
				MTL_ENABLE_DEBUG_INFO = INCLUDE_SOURCE;
				MTL_FAST_MATH = YES;
				ONLY_ACTIVE_ARCH = YES;
				SDKROOT = iphoneos;
				SWIFT_ACTIVE_COMPILATION_CONDITIONS = "DEBUG $(inherited)";
				SWIFT_OPTIMIZATION_LEVEL = "-Onone";
			};
			name = Debug;
		};
		8A7277DA2C9728BF00C03C73 /* Release */ = {
			isa = XCBuildConfiguration;
			buildSettings = {
				ALWAYS_SEARCH_USER_PATHS = NO;
				ASSETCATALOG_COMPILER_GENERATE_SWIFT_ASSET_SYMBOL_EXTENSIONS = YES;
				CLANG_ANALYZER_NONNULL = YES;
				CLANG_ANALYZER_NUMBER_OBJECT_CONVERSION = YES_AGGRESSIVE;
				CLANG_CXX_LANGUAGE_STANDARD = "gnu++20";
				CLANG_ENABLE_MODULES = YES;
				CLANG_ENABLE_OBJC_ARC = YES;
				CLANG_ENABLE_OBJC_WEAK = YES;
				CLANG_WARN_BLOCK_CAPTURE_AUTORELEASING = YES;
				CLANG_WARN_BOOL_CONVERSION = YES;
				CLANG_WARN_COMMA = YES;
				CLANG_WARN_CONSTANT_CONVERSION = YES;
				CLANG_WARN_DEPRECATED_OBJC_IMPLEMENTATIONS = YES;
				CLANG_WARN_DIRECT_OBJC_ISA_USAGE = YES_ERROR;
				CLANG_WARN_DOCUMENTATION_COMMENTS = YES;
				CLANG_WARN_EMPTY_BODY = YES;
				CLANG_WARN_ENUM_CONVERSION = YES;
				CLANG_WARN_INFINITE_RECURSION = YES;
				CLANG_WARN_INT_CONVERSION = YES;
				CLANG_WARN_NON_LITERAL_NULL_CONVERSION = YES;
				CLANG_WARN_OBJC_IMPLICIT_RETAIN_SELF = YES;
				CLANG_WARN_OBJC_LITERAL_CONVERSION = YES;
				CLANG_WARN_OBJC_ROOT_CLASS = YES_ERROR;
				CLANG_WARN_QUOTED_INCLUDE_IN_FRAMEWORK_HEADER = YES;
				CLANG_WARN_RANGE_LOOP_ANALYSIS = YES;
				CLANG_WARN_STRICT_PROTOTYPES = YES;
				CLANG_WARN_SUSPICIOUS_MOVE = YES;
				CLANG_WARN_UNGUARDED_AVAILABILITY = YES_AGGRESSIVE;
				CLANG_WARN_UNREACHABLE_CODE = YES;
				CLANG_WARN__DUPLICATE_METHOD_MATCH = YES;
				COPY_PHASE_STRIP = NO;
				DEBUG_INFORMATION_FORMAT = "dwarf-with-dsym";
				ENABLE_NS_ASSERTIONS = NO;
				ENABLE_STRICT_OBJC_MSGSEND = YES;
				ENABLE_USER_SCRIPT_SANDBOXING = YES;
				GCC_C_LANGUAGE_STANDARD = gnu17;
				GCC_NO_COMMON_BLOCKS = YES;
				GCC_WARN_64_TO_32_BIT_CONVERSION = YES;
				GCC_WARN_ABOUT_RETURN_TYPE = YES_ERROR;
				GCC_WARN_UNDECLARED_SELECTOR = YES;
				GCC_WARN_UNINITIALIZED_AUTOS = YES_AGGRESSIVE;
				GCC_WARN_UNUSED_FUNCTION = YES;
				GCC_WARN_UNUSED_VARIABLE = YES;
				IPHONEOS_DEPLOYMENT_TARGET = 17.5;
				LOCALIZATION_PREFERS_STRING_CATALOGS = YES;
				MTL_ENABLE_DEBUG_INFO = NO;
				MTL_FAST_MATH = YES;
				SDKROOT = iphoneos;
				SWIFT_COMPILATION_MODE = wholemodule;
				VALIDATE_PRODUCT = YES;
			};
			name = Release;
		};
		8A7277DC2C9728BF00C03C73 /* Debug */ = {
			isa = XCBuildConfiguration;
			buildSettings = {
				ASSETCATALOG_COMPILER_APPICON_NAME = AppIcon;
				ASSETCATALOG_COMPILER_GLOBAL_ACCENT_COLOR_NAME = AccentColor;
				CODE_SIGN_STYLE = Automatic;
				CURRENT_PROJECT_VERSION = 1;
				GENERATE_INFOPLIST_FILE = YES;
				INFOPLIST_FILE = TravelTracker/Info.plist;
				INFOPLIST_KEY_UIApplicationSupportsIndirectInputEvents = YES;
				INFOPLIST_KEY_UILaunchStoryboardName = LaunchScreen;
				INFOPLIST_KEY_UISupportedInterfaceOrientations_iPad = "UIInterfaceOrientationPortrait UIInterfaceOrientationPortraitUpsideDown UIInterfaceOrientationLandscapeLeft UIInterfaceOrientationLandscapeRight";
				INFOPLIST_KEY_UISupportedInterfaceOrientations_iPhone = "UIInterfaceOrientationPortrait UIInterfaceOrientationLandscapeLeft UIInterfaceOrientationLandscapeRight";
				LD_RUNPATH_SEARCH_PATHS = (
					"$(inherited)",
					"@executable_path/Frameworks",
				);
				MARKETING_VERSION = 1.0;
				PRODUCT_BUNDLE_IDENTIFIER = unknown.TravelTracker;
				PRODUCT_NAME = "$(TARGET_NAME)";
				SWIFT_EMIT_LOC_STRINGS = YES;
				SWIFT_VERSION = 5.0;
				TARGETED_DEVICE_FAMILY = "1,2";
			};
			name = Debug;
		};
		8A7277DD2C9728BF00C03C73 /* Release */ = {
			isa = XCBuildConfiguration;
			buildSettings = {
				ASSETCATALOG_COMPILER_APPICON_NAME = AppIcon;
				ASSETCATALOG_COMPILER_GLOBAL_ACCENT_COLOR_NAME = AccentColor;
				CODE_SIGN_STYLE = Automatic;
				CURRENT_PROJECT_VERSION = 1;
				GENERATE_INFOPLIST_FILE = YES;
				INFOPLIST_FILE = TravelTracker/Info.plist;
				INFOPLIST_KEY_UIApplicationSupportsIndirectInputEvents = YES;
				INFOPLIST_KEY_UILaunchStoryboardName = LaunchScreen;
				INFOPLIST_KEY_UISupportedInterfaceOrientations_iPad = "UIInterfaceOrientationPortrait UIInterfaceOrientationPortraitUpsideDown UIInterfaceOrientationLandscapeLeft UIInterfaceOrientationLandscapeRight";
				INFOPLIST_KEY_UISupportedInterfaceOrientations_iPhone = "UIInterfaceOrientationPortrait UIInterfaceOrientationLandscapeLeft UIInterfaceOrientationLandscapeRight";
				LD_RUNPATH_SEARCH_PATHS = (
					"$(inherited)",
					"@executable_path/Frameworks",
				);
				MARKETING_VERSION = 1.0;
				PRODUCT_BUNDLE_IDENTIFIER = unknown.TravelTracker;
				PRODUCT_NAME = "$(TARGET_NAME)";
				SWIFT_EMIT_LOC_STRINGS = YES;
				SWIFT_VERSION = 5.0;
				TARGETED_DEVICE_FAMILY = "1,2";
			};
			name = Release;
		};
/* End XCBuildConfiguration section */

/* Begin XCConfigurationList section */
		8A7277BF2C9728BD00C03C73 /* Build configuration list for PBXProject "TravelTracker" */ = {
			isa = XCConfigurationList;
			buildConfigurations = (
				8A7277D92C9728BF00C03C73 /* Debug */,
				8A7277DA2C9728BF00C03C73 /* Release */,
			);
			defaultConfigurationIsVisible = 0;
			defaultConfigurationName = Release;
		};
		8A7277DB2C9728BF00C03C73 /* Build configuration list for PBXNativeTarget "TravelTracker" */ = {
			isa = XCConfigurationList;
			buildConfigurations = (
				8A7277DC2C9728BF00C03C73 /* Debug */,
				8A7277DD2C9728BF00C03C73 /* Release */,
			);
			defaultConfigurationIsVisible = 0;
			defaultConfigurationName = Release;
		};
/* End XCConfigurationList section */

/* Begin XCRemoteSwiftPackageReference section */
		8A0C62FF2C9C7E8800AE8C65 /* XCRemoteSwiftPackageReference "SnapKit" */ = {
			isa = XCRemoteSwiftPackageReference;
			repositoryURL = "https://github.com/SnapKit/SnapKit";
			requirement = {
				kind = upToNextMajorVersion;
				minimumVersion = 5.7.1;
			};
		};
		8A0C630B2C9EDB5A00AE8C65 /* XCRemoteSwiftPackageReference "route-composer" */ = {
			isa = XCRemoteSwiftPackageReference;
			repositoryURL = "https://github.com/ekazaev/route-composer";
			requirement = {
				kind = upToNextMajorVersion;
				minimumVersion = 2.10.5;
			};
		};
/* End XCRemoteSwiftPackageReference section */

/* Begin XCSwiftPackageProductDependency section */
		8A0C63002C9C7E8800AE8C65 /* SnapKit */ = {
			isa = XCSwiftPackageProductDependency;
			package = 8A0C62FF2C9C7E8800AE8C65 /* XCRemoteSwiftPackageReference "SnapKit" */;
			productName = SnapKit;
		};
		8A0C630C2C9EDB5A00AE8C65 /* RouteComposer */ = {
			isa = XCSwiftPackageProductDependency;
			package = 8A0C630B2C9EDB5A00AE8C65 /* XCRemoteSwiftPackageReference "route-composer" */;
			productName = RouteComposer;
		};
/* End XCSwiftPackageProductDependency section */

/* Begin XCVersionGroup section */
		8A7277D02C9728BD00C03C73 /* TravelTracker.xcdatamodeld */ = {
			isa = XCVersionGroup;
			children = (
				8A7277D12C9728BD00C03C73 /* TravelTracker.xcdatamodel */,
			);
			currentVersion = 8A7277D12C9728BD00C03C73 /* TravelTracker.xcdatamodel */;
			path = TravelTracker.xcdatamodeld;
			sourceTree = "<group>";
			versionGroupType = wrapper.xcdatamodel;
		};
/* End XCVersionGroup section */
	};
	rootObject = 8A7277BC2C9728BD00C03C73 /* Project object */;
}
