{
  "originHash" : "4299a6d59acae1f3b5fe70ad44b184c09514bcfd6636d44b606cd38c789514b6",
  "pins" : [
    {
      "identity" : "route-composer",
      "kind" : "remoteSourceControl",
      "location" : "https://github.com/ekazaev/route-composer",
      "state" : {
        "revision" : "a560eae9f43d64f379cefcac3c338f86179e8cdf",
        "version" : "2.11.1"
      }
    },
    {
      "identity" : "snapkit",
      "kind" : "remoteSourceControl",
      "location" : "https://github.com/SnapKit/SnapKit",
      "state" : {
        "revision" : "2842e6e84e82eb9a8dac0100ca90d9444b0307f4",
        "version" : "5.7.1"
      }
    }
  ],
  "version" : 3
}
